# This file is autogenerated, do not edit; changes may be undone by the next 'dep ensure'.


[[projects]]
  branch = "master"
  name = "github.com/mlabouardy/9gag"
  packages = ["."]
  revision = "a871b9fdeb0fd29da6899639b781dbfb69b58a0a"

[[projects]]
  branch = "master"
  name = "golang.org/x/net"
  packages = ["html","html/atom"]
  revision = "4b14673ba32bee7f5ac0f990a48f033919fd418b"

[solve-meta]
  analyzer-name = "dep"
  analyzer-version = 1
  inputs-digest = "cb33a88be80989b218e2099fe8ed827e1b25455945b60676530613854286a9ed"
  solver-name = "gps-cdcl"
  solver-version = 1
